# This file is automatically @generated by Cargo.
# It is not intended for manual editing.
version = 4

[[package]]
name = "strand"
version = "0.0.0"
dependencies = [
 "strand-compiler",
 "strand-core",
 "strand-render",
 "strand-scene",
 "strand-services",
 "strand-surface",
 "strand-text",
 "strand-watch",
]

[[package]]
name = "strand-compiler"
version = "0.0.0"
dependencies = [
 "strand-core",
]

[[package]]
name = "strand-core"
version = "0.0.0"

[[package]]
name = "strand-dev"
version = "0.0.0"
dependencies = [
 "strand-compiler",
]

[[package]]
name = "strand-render"
version = "0.0.0"
dependencies = [
 "strand-core",
 "strand-scene",
 "strand-text",
]

[[package]]
name = "strand-scene"
version = "0.0.0"

[[package]]
name = "strand-services"
version = "0.0.0"
dependencies = [
 "strand-core",
]

[[package]]
name = "strand-surface"
version = "0.0.0"
dependencies = [
 "strand-scene",
]

[[package]]
name = "strand-text"
version = "0.0.0"

[[package]]
name = "strand-watch"
version = "0.0.0"
